<?xml version="1.0" encoding="utf-8"?>
<Project ToolsVersion="4.0" xmlns="http://schemas.microsoft.com/developer/msbuild/2003">
  <ItemGroup>
    <Filter Include="Source Files">
      <UniqueIdentifier>{4FC737F1-C7A5-4376-A066-2A32D752A2FF}</UniqueIdentifier>
      <Extensions>cpp;c;cc;cxx;def;odl;idl;hpj;bat;asm;asmx</Extensions>
    </Filter>
    <Filter Include="Source Files\Common Files">
      <UniqueIdentifier>{aaf3267e-e8b6-4a12-9da0-53f1fa2050d5}</UniqueIdentifier>
    </Filter>
    <Filter Include="Source Files\Handlers">
      <UniqueIdentifier>{026a1097-8356-4dd5-96f9-4a931d624b63}</UniqueIdentifier>
    </Filter>
    <Filter Include="Source Files\Protocol">
      <UniqueIdentifier>{e4e01e68-fe56-4c19-87ab-37ff71241769}</UniqueIdentifier>
    </Filter>
    <Filter Include="Source Files\Debug">
      <UniqueIdentifier>{c87d63ca-9f5f-4e40-b499-f7076d04a275}</UniqueIdentifier>
    </Filter>
    <Filter Include="Header Files">
      <UniqueIdentifier>{93995380-89BD-4b04-88EB-625FBE52EBFB}</UniqueIdentifier>
      <Extensions>h;hpp;hxx;hm;inl;inc;xsd</Extensions>
    </Filter>
    <Filter Include="Header Files\Common Files">
      <UniqueIdentifier>{963c96b1-9ddc-4068-9160-422431cfd764}</UniqueIdentifier>
    </Filter>
    <Filter Include="Header Files\Protocol">
      <UniqueIdentifier>{075cc572-d920-4f58-9d16-4f0056f50183}</UniqueIdentifier>
    </Filter>
    <Filter Include="Header Files\Debug">
      <UniqueIdentifier>{3528d0f6-97f6-459f-a6f9-54154464b64e}</UniqueIdentifier>
    </Filter>
    <Filter Include="Resource Files">
      <UniqueIdentifier>{67DA6AB6-F800-4c08-8B7A-83BB121AAD01}</UniqueIdentifier>
      <Extensions>rc;ico;cur;bmp;dlg;rc2;rct;bin;rgs;gif;jpg;jpeg;jpe;resx;tiff;tif;png;wav</Extensions>
    </Filter>
    <Filter Include="Source Files\DotNet">
      <UniqueIdentifier>{193982b5-7e56-4a1f-9fd1-342be14ca0c9}</UniqueIdentifier>
    </Filter>
    <Filter Include="Header Files\DotNet">
      <UniqueIdentifier>{d63965e9-6276-473e-885e-992f748b856a}</UniqueIdentifier>
    </Filter>
  </ItemGroup>
  <ItemGroup>
    <ClCompile Include="CustomHookData.cpp">
      <Filter>Source Files</Filter>
    </ClCompile>
    <ClCompile Include="DynamicApiManager.cpp">
      <Filter>Source Files</Filter>
    </ClCompile>
    <ClCompile Include="GenericImplementations.cpp">
      <Filter>Source Files</Filter>
    </ClCompile>
    <ClCompile Include="Main.cpp">
      <Filter>Source Files</Filter>
    </ClCompile>
    <ClCompile Include="MiscHelpers.cpp">
      <Filter>Source Files</Filter>
    </ClCompile>
    <ClCompile Include="nterror.cpp">
      <Filter>Source Files</Filter>
    </ClCompile>
    <ClCompile Include="secondaryhooks.cpp">
      <Filter>Source Files</Filter>
    </ClCompile>
    <ClCompile Include="StackWalker.cpp">
      <Filter>Source Files</Filter>
    </ClCompile>
    <ClCompile Include="stdafx.cpp">
      <Filter>Source Files</Filter>
    </ClCompile>
    <ClCompile Include="tinyxml2.cpp">
      <Filter>Source Files</Filter>
    </ClCompile>
    <ClCompile Include="TlsData.cpp">
      <Filter>Source Files</Filter>
    </ClCompile>
    <ClCompile Include="..\Deviare2\Source\Common\ComPtr.cpp">
      <Filter>Source Files\Common Files</Filter>
    </ClCompile>
    <ClCompile Include="..\Deviare2\Source\Common\Debug.cpp">
      <Filter>Source Files\Common Files</Filter>
    </ClCompile>
    <ClCompile Include="..\Deviare2\Source\Common\DynamicAPIs.cpp">
      <Filter>Source Files\Common Files</Filter>
    </ClCompile>
    <ClCompile Include="..\Deviare2\Source\Common\EngBaseObj.cpp">
      <Filter>Source Files\Common Files</Filter>
    </ClCompile>
    <ClCompile Include="..\Deviare2\Source\Common\FnvHash.cpp">
      <Filter>Source Files\Common Files</Filter>
    </ClCompile>
    <ClCompile Include="..\Deviare2\Source\Common\MemoryManager.cpp">
      <Filter>Source Files\Common Files</Filter>
    </ClCompile>
    <ClCompile Include="..\Deviare2\Source\Common\MemoryManagerPool.cpp">
      <Filter>Source Files\Common Files</Filter>
    </ClCompile>
    <ClCompile Include="..\Deviare2\Source\Common\MemoryManagerTracker.cpp">
      <Filter>Source Files\Common Files</Filter>
    </ClCompile>
    <ClCompile Include="..\Deviare2\Source\Common\NtInternals.cpp">
      <Filter>Source Files\Common Files</Filter>
    </ClCompile>
    <ClCompile Include="..\Deviare2\Source\Common\RegistrySettings.cpp">
      <Filter>Source Files\Common Files</Filter>
    </ClCompile>
    <ClCompile Include="..\Deviare2\Source\Common\StringLiteW.cpp">
      <Filter>Source Files\Common Files</Filter>
    </ClCompile>
    <ClCompile Include="..\Deviare2\Source\Common\Tools.cpp">
      <Filter>Source Files\Common Files</Filter>
    </ClCompile>
    <ClCompile Include="..\Deviare2\Source\Common\WaitableObjects.cpp">
      <Filter>Source Files\Common Files</Filter>
    </ClCompile>
    <ClCompile Include="Apis.cpp">
      <Filter>Source Files\Handlers</Filter>
    </ClCompile>
    <ClCompile Include="Buffer.cpp">
      <Filter>Source Files\Protocol</Filter>
    </ClCompile>
    <ClCompile Include="CallEventSerializer.cpp">
      <Filter>Source Files\Protocol</Filter>
    </ClCompile>
    <ClCompile Include="CIPC.cpp">
      <Filter>Source Files\Protocol</Filter>
    </ClCompile>
    <ClCompile Include="CustomHookImplementation.cpp">
      <Filter>Source Files\Protocol</Filter>
    </ClCompile>
    <ClCompile Include="ExceptionImplementations.cpp">
      <Filter>Source Files\Protocol</Filter>
    </ClCompile>
    <ClCompile Include="FileImplementations.cpp">
      <Filter>Source Files\Protocol</Filter>
    </ClCompile>
    <ClCompile Include="OleImplementations.cpp">
      <Filter>Source Files\Protocol</Filter>
    </ClCompile>
    <ClCompile Include="ProcessImplementations.cpp">
      <Filter>Source Files\Protocol</Filter>
    </ClCompile>
    <ClCompile Include="RegistryImplementations.cpp">
      <Filter>Source Files\Protocol</Filter>
    </ClCompile>
    <ClCompile Include="ResourceImplementations.cpp">
      <Filter>Source Files\Protocol</Filter>
    </ClCompile>
    <ClCompile Include="WindowImplementations.cpp">
      <Filter>Source Files\Protocol</Filter>
    </ClCompile>
    <ClCompile Include="Timer.cpp">
      <Filter>Source Files\Debug</Filter>
    </ClCompile>
    <ClCompile Include="aipbufferwrapper.cpp">
      <Filter>Source Files</Filter>
    </ClCompile>
    <ClCompile Include="Variant.cpp">
      <Filter>Source Files</Filter>
    </ClCompile>
    <ClCompile Include="DotNetProfiler.cpp">
      <Filter>Source Files\DotNet</Filter>
    </ClCompile>
    <ClCompile Include="DotNetTools.cpp">
      <Filter>Source Files\DotNet</Filter>
    </ClCompile>
    <ClCompile Include="DotNetProfilerMgr.cpp">
      <Filter>Source Files\DotNet</Filter>
    </ClCompile>
    <ClCompile Include="CommonFunctions.cpp" />
    <ClCompile Include="GeneratedDotNetCallbacks.cpp">
      <Filter>Source Files\DotNet</Filter>
    </ClCompile>
    <ClCompile Include="hresult.cpp">
      <Filter>Source Files</Filter>
    </ClCompile>
    <ClCompile Include="WinInetImplementations.cpp">
      <Filter>Source Files\Protocol</Filter>
    </ClCompile>
  </ItemGroup>
  <ItemGroup>
    <None Include="SpyStudioHelperPlugin.def">
      <Filter>Source Files</Filter>
    </None>
  </ItemGroup>
  <ItemGroup>
    <ClInclude Include="aipbuffer.pb.h">
      <Filter>Header Files</Filter>
    </ClInclude>
    <ClInclude Include="CustomHookData.h">
      <Filter>Header Files</Filter>
    </ClInclude>
    <ClInclude Include="DynamicApiManager.h">
      <Filter>Header Files</Filter>
    </ClInclude>
    <ClInclude Include="Main.h">
      <Filter>Header Files</Filter>
    </ClInclude>
    <ClInclude Include="MiscHelpers.h">
      <Filter>Header Files</Filter>
    </ClInclude>
    <ClInclude Include="secondaryhooks.h">
      <Filter>Header Files</Filter>
    </ClInclude>
    <ClInclude Include="StackWalker.h">
      <Filter>Header Files</Filter>
    </ClInclude>
    <ClInclude Include="stdafx.h">
      <Filter>Header Files</Filter>
    </ClInclude>
    <ClInclude Include="StringList.h">
      <Filter>Header Files</Filter>
    </ClInclude>
    <ClInclude Include="tinyxml2.h">
      <Filter>Header Files</Filter>
    </ClInclude>
    <ClInclude Include="TlsData.h">
      <Filter>Header Files</Filter>
    </ClInclude>
    <ClInclude Include="TypeDeclarations.h">
      <Filter>Header Files</Filter>
    </ClInclude>
    <ClInclude Include="..\Deviare2\Source\Common\ArrayList.h">
      <Filter>Header Files\Common Files</Filter>
    </ClInclude>
    <ClInclude Include="..\Deviare2\Source\Common\AutoPtr.h">
      <Filter>Header Files\Common Files</Filter>
    </ClInclude>
    <ClInclude Include="..\Deviare2\Source\Common\ComPtr.h">
      <Filter>Header Files\Common Files</Filter>
    </ClInclude>
    <ClInclude Include="..\Deviare2\Source\Common\Debug.h">
      <Filter>Header Files\Common Files</Filter>
    </ClInclude>
    <ClInclude Include="..\Deviare2\Source\Common\DynamicAPIs.h">
      <Filter>Header Files\Common Files</Filter>
    </ClInclude>
    <ClInclude Include="..\Deviare2\Source\Common\EngDefines.h">
      <Filter>Header Files\Common Files</Filter>
    </ClInclude>
    <ClInclude Include="..\Deviare2\Source\Common\EngErrorCodes.h">
      <Filter>Header Files\Common Files</Filter>
    </ClInclude>
    <ClInclude Include="..\Deviare2\Source\Common\FnvHash.h">
      <Filter>Header Files\Common Files</Filter>
    </ClInclude>
    <ClInclude Include="..\Deviare2\Source\Common\LinkedList.h">
      <Filter>Header Files\Common Files</Filter>
    </ClInclude>
    <ClInclude Include="..\Deviare2\Source\Common\MemoryManager.h">
      <Filter>Header Files\Common Files</Filter>
    </ClInclude>
    <ClInclude Include="..\Deviare2\Source\Common\MemoryManagerPool.h">
      <Filter>Header Files\Common Files</Filter>
    </ClInclude>
    <ClInclude Include="..\Deviare2\Source\Common\MemoryManagerTracker.h">
      <Filter>Header Files\Common Files</Filter>
    </ClInclude>
    <ClInclude Include="..\Deviare2\Source\Common\NtInternals.h">
      <Filter>Header Files\Common Files</Filter>
    </ClInclude>
    <ClInclude Include="..\Deviare2\Source\Common\RegistrySettings.h">
      <Filter>Header Files\Common Files</Filter>
    </ClInclude>
    <ClInclude Include="..\Deviare2\Source\Common\StringLiteW.h">
      <Filter>Header Files\Common Files</Filter>
    </ClInclude>
    <ClInclude Include="..\Deviare2\Source\Common\Tools.h">
      <Filter>Header Files\Common Files</Filter>
    </ClInclude>
    <ClInclude Include="..\Deviare2\Source\Common\WaitableObjects.h">
      <Filter>Header Files\Common Files</Filter>
    </ClInclude>
    <ClInclude Include="Buffer.h">
      <Filter>Header Files\Protocol</Filter>
    </ClInclude>
    <ClInclude Include="CallEventSerializer.h">
      <Filter>Header Files\Protocol</Filter>
    </ClInclude>
    <ClInclude Include="CIPC.h">
      <Filter>Header Files\Protocol</Filter>
    </ClInclude>
    <ClInclude Include="exception.h">
      <Filter>Header Files\Protocol</Filter>
    </ClInclude>
    <ClInclude Include="Protocol.h">
      <Filter>Header Files\Protocol</Filter>
    </ClInclude>
    <ClInclude Include="SpecialAction.h">
      <Filter>Header Files\Protocol</Filter>
    </ClInclude>
    <ClInclude Include="Timer.h">
      <Filter>Header Files\Debug</Filter>
    </ClInclude>
    <ClInclude Include="resource.h">
      <Filter>Resource Files</Filter>
    </ClInclude>
    <ClInclude Include="MessageCodes.h">
      <Filter>Header Files\Protocol</Filter>
    </ClInclude>
    <ClInclude Include="Variant.h">
      <Filter>Header Files</Filter>
    </ClInclude>
    <ClInclude Include="DotNetProfiler.h">
      <Filter>Header Files\DotNet</Filter>
    </ClInclude>
    <ClInclude Include="DotNetProfiler_ICorProfilerCallbackClassFacMethods.h">
      <Filter>Header Files\DotNet</Filter>
    </ClInclude>
    <ClInclude Include="DotNetTools.h">
      <Filter>Header Files\DotNet</Filter>
    </ClInclude>
    <ClInclude Include="DotNetProfilerMgr.h">
      <Filter>Header Files\DotNet</Filter>
    </ClInclude>
    <ClInclude Include="CommonFunctions.h" />
    <ClInclude Include="GeneratedDotNetCallbacks.h">
      <Filter>Header Files\DotNet</Filter>
    </ClInclude>
    <ClInclude Include="NonDeviareEventID.h">
      <Filter>Header Files</Filter>
    </ClInclude>
    <ClInclude Include="DotNetProfiler_ICorProfilerInitMethods.h">
      <Filter>Header Files\DotNet</Filter>
    </ClInclude>
    <ClInclude Include="SerializerInheritors.h">
      <Filter>Header Files</Filter>
    </ClInclude>
    <ClInclude Include="base64.h">
      <Filter>Header Files</Filter>
    </ClInclude>
  </ItemGroup>
  <ItemGroup>
    <ResourceCompile Include="MainRes.rc">
      <Filter>Resource Files</Filter>
    </ResourceCompile>
  </ItemGroup>
  <ItemGroup>
    <CustomBuild Include="int_to_string.inl">
      <Filter>Header Files</Filter>
    </CustomBuild>
  </ItemGroup>
</Project>